dependencies:
- name: lago
  repository: https://charts.getlago.com
  version: 2.0.0
- name: postgresql
  repository: oci://registry-1.docker.io/bitnamicharts
  version: 12.6.9
digest: sha256:2f2054f6af5e00152a46e9f6fa3ffe6683c9cea991dcfbbc8e8c99c98569fb55
generated: "2026-10-06T17:02:00.403922+03:00"
